
Microsoft Visual Studio Solution File, Format Version 12.00
# Visual Studio 14
VisualStudioVersion = 14.0.24720.0
MinimumVisualStudioVersion = 10.0.40219.1
Project("{FAE04EC0-301F-11D3-BF4B-00C04F79EFBC}") = "RadaOnline", "RadaOnline\RadaOnline.csproj", "{147249B4-72BD-4AFE-98F0-14630BA02A71}"
EndProject
Project("{FAE04EC0-301F-11D3-BF4B-00C04F79EFBC}") = "RadaOnline.Queries", "RadaOnline.Queries\RadaOnline.Queries.csproj", "{B53CE0D9-6E00-42C6-95FA-977C45BE6F09}"
EndProject
Global
	GlobalSection(SolutionConfigurationPlatforms) = preSolution
		Debug|Any CPU = Debug|Any CPU
		Release|Any CPU = Release|Any CPU
	EndGlobalSection
	GlobalSection(ProjectConfigurationPlatforms) = postSolution
		{147249B4-72BD-4AFE-98F0-14630BA02A71}.Debug|Any CPU.ActiveCfg = Debug|Any CPU
		{147249B4-72BD-4AFE-98F0-14630BA02A71}.Debug|Any CPU.Build.0 = Debug|Any CPU
		{147249B4-72BD-4AFE-98F0-14630BA02A71}.Release|Any CPU.ActiveCfg = Release|Any CPU
		{147249B4-72BD-4AFE-98F0-14630BA02A71}.Release|Any CPU.Build.0 = Release|Any CPU
		{B53CE0D9-6E00-42C6-95FA-977C45BE6F09}.Debug|Any CPU.ActiveCfg = Debug|Any CPU
		{B53CE0D9-6E00-42C6-95FA-977C45BE6F09}.Debug|Any CPU.Build.0 = Debug|Any CPU
		{B53CE0D9-6E00-42C6-95FA-977C45BE6F09}.Release|Any CPU.ActiveCfg = Release|Any CPU
		{B53CE0D9-6E00-42C6-95FA-977C45BE6F09}.Release|Any CPU.Build.0 = Release|Any CPU
	EndGlobalSection
	GlobalSection(SolutionProperties) = preSolution
		HideSolutionNode = FALSE
	EndGlobalSection
EndGlobal
