
Microsoft Visual Studio Solution File, Format Version 12.00
# Visual Studio 14
VisualStudioVersion = 14.0.24720.0
MinimumVisualStudioVersion = 10.0.40219.1
Project("{FAE04EC0-301F-11D3-BF4B-00C04F79EFBC}") = "RadaOnline", "RadaOnline\RadaOnline.csproj", "{147249B4-72BD-4AFE-98F0-14630BA02A71}"
EndProject
Project("{FAE04EC0-301F-11D3-BF4B-00C04F79EFBC}") = "RadaOnline.Queries", "RadaOnline.Queries\RadaOnline.Queries.csproj", "{B53CE0D9-6E00-42C6-95FA-977C45BE6F09}"
EndProject
Project("{2150E333-8FDC-42A3-9474-1A3956D46DE8}") = "Tests", "Tests", "{89E0A84C-C15E-4B60-83CB-57C945D5873C}"
EndProject
Project("{2150E333-8FDC-42A3-9474-1A3956D46DE8}") = "Handlers", "Handlers", "{BA3CBECE-A8C7-4E15-9298-93E6F6BE7108}"
EndProject
Project("{FAE04EC0-301F-11D3-BF4B-00C04F79EFBC}") = "RadaOnline.Queries.Tests", "RadaOnline.Queries.Tests\RadaOnline.Queries.Tests.csproj", "{C5BEAB98-0D05-4BA8-B4DF-E7F233B0131E}"
EndProject
Project("{FAE04EC0-301F-11D3-BF4B-00C04F79EFBC}") = "RadaOnline.Database", "RadaOnline.Database\RadaOnline.Database.csproj", "{8DA33939-AA24-456A-86C9-18DF1ED722E5}"
EndProject
Project("{2150E333-8FDC-42A3-9474-1A3956D46DE8}") = "Database", "Database", "{0435E2EC-C15F-4AF5-8AB8-9D82C5E3AB0D}"
EndProject
Project("{2150E333-8FDC-42A3-9474-1A3956D46DE8}") = "Common", "Common", "{B3B8583F-1CC1-4049-993D-4A8981116777}"
EndProject
Project("{FAE04EC0-301F-11D3-BF4B-00C04F79EFBC}") = "RadaOnline.Common", "RadaOnline.Common\RadaOnline.Common.csproj", "{9C26DCB3-E274-4527-A79D-B12334BB28C6}"
EndProject
Global
	GlobalSection(SolutionConfigurationPlatforms) = preSolution
		Debug|Any CPU = Debug|Any CPU
		Release|Any CPU = Release|Any CPU
	EndGlobalSection
	GlobalSection(ProjectConfigurationPlatforms) = postSolution
		{147249B4-72BD-4AFE-98F0-14630BA02A71}.Debug|Any CPU.ActiveCfg = Debug|Any CPU
		{147249B4-72BD-4AFE-98F0-14630BA02A71}.Debug|Any CPU.Build.0 = Debug|Any CPU
		{147249B4-72BD-4AFE-98F0-14630BA02A71}.Release|Any CPU.ActiveCfg = Release|Any CPU
		{147249B4-72BD-4AFE-98F0-14630BA02A71}.Release|Any CPU.Build.0 = Release|Any CPU
		{B53CE0D9-6E00-42C6-95FA-977C45BE6F09}.Debug|Any CPU.ActiveCfg = Debug|Any CPU
		{B53CE0D9-6E00-42C6-95FA-977C45BE6F09}.Debug|Any CPU.Build.0 = Debug|Any CPU
		{B53CE0D9-6E00-42C6-95FA-977C45BE6F09}.Release|Any CPU.ActiveCfg = Release|Any CPU
		{B53CE0D9-6E00-42C6-95FA-977C45BE6F09}.Release|Any CPU.Build.0 = Release|Any CPU
		{C5BEAB98-0D05-4BA8-B4DF-E7F233B0131E}.Debug|Any CPU.ActiveCfg = Debug|Any CPU
		{C5BEAB98-0D05-4BA8-B4DF-E7F233B0131E}.Debug|Any CPU.Build.0 = Debug|Any CPU
		{C5BEAB98-0D05-4BA8-B4DF-E7F233B0131E}.Release|Any CPU.ActiveCfg = Release|Any CPU
		{C5BEAB98-0D05-4BA8-B4DF-E7F233B0131E}.Release|Any CPU.Build.0 = Release|Any CPU
		{8DA33939-AA24-456A-86C9-18DF1ED722E5}.Debug|Any CPU.ActiveCfg = Debug|Any CPU
		{8DA33939-AA24-456A-86C9-18DF1ED722E5}.Debug|Any CPU.Build.0 = Debug|Any CPU
		{8DA33939-AA24-456A-86C9-18DF1ED722E5}.Release|Any CPU.ActiveCfg = Release|Any CPU
		{8DA33939-AA24-456A-86C9-18DF1ED722E5}.Release|Any CPU.Build.0 = Release|Any CPU
		{9C26DCB3-E274-4527-A79D-B12334BB28C6}.Debug|Any CPU.ActiveCfg = Debug|Any CPU
		{9C26DCB3-E274-4527-A79D-B12334BB28C6}.Debug|Any CPU.Build.0 = Debug|Any CPU
		{9C26DCB3-E274-4527-A79D-B12334BB28C6}.Release|Any CPU.ActiveCfg = Release|Any CPU
		{9C26DCB3-E274-4527-A79D-B12334BB28C6}.Release|Any CPU.Build.0 = Release|Any CPU
	EndGlobalSection
	GlobalSection(SolutionProperties) = preSolution
		HideSolutionNode = FALSE
	EndGlobalSection
	GlobalSection(NestedProjects) = preSolution
		{B53CE0D9-6E00-42C6-95FA-977C45BE6F09} = {BA3CBECE-A8C7-4E15-9298-93E6F6BE7108}
		{C5BEAB98-0D05-4BA8-B4DF-E7F233B0131E} = {89E0A84C-C15E-4B60-83CB-57C945D5873C}
		{8DA33939-AA24-456A-86C9-18DF1ED722E5} = {0435E2EC-C15F-4AF5-8AB8-9D82C5E3AB0D}
		{9C26DCB3-E274-4527-A79D-B12334BB28C6} = {B3B8583F-1CC1-4049-993D-4A8981116777}
	EndGlobalSection
EndGlobal
